
Microsoft Visual Studio Solution File, Format Version 12.00
# Visual Studio Version 16
VisualStudioVersion = 16.0.30611.23
MinimumVisualStudioVersion = 10.0.40219.1
Project("{9A19103F-16F7-4668-BE54-9A1E7A4F7556}") = "CursoIDP.IDP", "CursoIDP.IDP.csproj", "{FE8EC0F4-AB9D-4F84-A4B1-E47D02518647}"
EndProject
Global
	GlobalSection(SolutionConfigurationPlatforms) = preSolution
		Debug|Any CPU = Debug|Any CPU
		Release|Any CPU = Release|Any CPU
	EndGlobalSection
	GlobalSection(ProjectConfigurationPlatforms) = postSolution
		{FE8EC0F4-AB9D-4F84-A4B1-E47D02518647}.Debug|Any CPU.ActiveCfg = Debug|Any CPU
		{FE8EC0F4-AB9D-4F84-A4B1-E47D02518647}.Debug|Any CPU.Build.0 = Debug|Any CPU
		{FE8EC0F4-AB9D-4F84-A4B1-E47D02518647}.Release|Any CPU.ActiveCfg = Release|Any CPU
		{FE8EC0F4-AB9D-4F84-A4B1-E47D02518647}.Release|Any CPU.Build.0 = Release|Any CPU
	EndGlobalSection
	GlobalSection(SolutionProperties) = preSolution
		HideSolutionNode = FALSE
	EndGlobalSection
	GlobalSection(ExtensibilityGlobals) = postSolution
		SolutionGuid = {69798015-2BC7-462D-8E8C-9AD28CBA990B}
	EndGlobalSection
EndGlobal
